{
  "originHash" : "291a51e8b43c0bd91c99573cf326c1cb0daa6eec0a2334e7060bc3c7a3232039",
  "pins" : [
    {
      "identity" : "commandlinekit",
      "kind" : "remoteSourceControl",
      "location" : "https://github.com/IngmarStein/CommandLineKit",
      "state" : {
        "revision" : "688ec349bf793fbdd3562d2e301c189db2f7a655",
        "version" : "2.3.0"
      }
    }
  ],
  "version" : 3
}
